
Microsoft Visual Studio Solution File, Format Version 12.00
# Visual Studio Version 17
VisualStudioVersion = 17.14.36429.23
MinimumVisualStudioVersion = 10.0.40219.1
Project("{2150E333-8FDC-42A3-9474-1A3956D46DE8}") = "Task0", "Task0", "{02EA681E-C7D8-13C7-8484-4AC65E1B71E8}"
EndProject
Project("{FAE04EC0-301F-11D3-BF4B-00C04F79EFBC}") = "Tyuiu.MuliavinIM.Sprint2.Task0.V26", "Tyuiu.MuliavinIM.Sprint2.Task0.V26\Tyuiu.MuliavinIM.Sprint2.Task0.V26.csproj", "{C0D742EE-5EBA-47E8-B612-52A8428983D4}"
EndProject
Project("{FAE04EC0-301F-11D3-BF4B-00C04F79EFBC}") = "Tyuiu.MuliavinIM.Sprint2.Task0.V26.Test", "Tyuiu.MuliavinIM.Sprint2.Task0.V26.Test\Tyuiu.MuliavinIM.Sprint2.Task0.V26.Test.csproj", "{EA1B2FCD-F95F-4468-B4F9-DDADACC347CB}"
EndProject
Project("{FAE04EC0-301F-11D3-BF4B-00C04F79EFBC}") = "Tyuiu.MuliavinIM.Sprint2.Task0.V26.Lib", "Tyuiu.MuliavinIM.Sprint2.Task0.V26.Lib\Tyuiu.MuliavinIM.Sprint2.Task0.V26.Lib.csproj", "{8A5F4A51-0AD5-48F0-9830-1BF4991B97CB}"
EndProject
Project("{2150E333-8FDC-42A3-9474-1A3956D46DE8}") = "Task1", "Task1", "{4096801B-1B83-432C-911D-AB8FC01543B3}"
EndProject
Project("{FAE04EC0-301F-11D3-BF4B-00C04F79EFBC}") = "Tyuiu.MuliavinIM.Sprint2.Task1.V11", "Tyuiu.MuliavinIM.Sprint2.Task1.V11\Tyuiu.MuliavinIM.Sprint2.Task1.V11.csproj", "{67D8E145-4928-42EC-850D-3AA7B38F3B8D}"
EndProject
Project("{FAE04EC0-301F-11D3-BF4B-00C04F79EFBC}") = "Tyuiu.MuliavinIM.Sprint2.Task1.V11.Test", "Tyuiu.MuliavinIM.Sprint2.Task1.V11.Test\Tyuiu.MuliavinIM.Sprint2.Task1.V11.Test.csproj", "{29197139-0475-4D6B-A4CE-37F8304A53D1}"
EndProject
Project("{FAE04EC0-301F-11D3-BF4B-00C04F79EFBC}") = "Tyuiu.MuliavinIM.Sprint2.Task1.V11.Lib", "Tyuiu.MuliavinIM.Sprint2.Task1.V11.Lib\Tyuiu.MuliavinIM.Sprint2.Task1.V11.Lib.csproj", "{8E12D425-2307-4D02-A3DC-D0C583E485E0}"
EndProject
Project("{2150E333-8FDC-42A3-9474-1A3956D46DE8}") = "Task2", "Task2", "{202F06CC-AA42-4347-BFE4-B712B2CB6C9C}"
EndProject
Project("{FAE04EC0-301F-11D3-BF4B-00C04F79EFBC}") = "Tyuiu.MuliavinIM.Sprint2.Task2.V21", "Tyuiu.MuliavinIM.Sprint2.Task2.V21\Tyuiu.MuliavinIM.Sprint2.Task2.V21.csproj", "{EBD68E5A-A64B-4C8B-9FB6-491DE055D039}"
EndProject
Project("{FAE04EC0-301F-11D3-BF4B-00C04F79EFBC}") = "Tyuiu.MuliavinIM.Sprint2.Task2.V21.Test", "Tyuiu.MuliavinIM.Sprint2.Task2.V21.Test\Tyuiu.MuliavinIM.Sprint2.Task2.V21.Test.csproj", "{779EFA10-4C94-431F-86BB-E7565BA97CCF}"
EndProject
Project("{FAE04EC0-301F-11D3-BF4B-00C04F79EFBC}") = "Tyuiu.MuliavinIM.Sprint2.Task2.V21.Lib", "Tyuiu.MuliavinIM.Sprint2.Task2.V21.Lib\Tyuiu.MuliavinIM.Sprint2.Task2.V21.Lib.csproj", "{CBA49EFC-0B97-4A7B-86C2-5E58D6B705F5}"
EndProject
Project("{2150E333-8FDC-42A3-9474-1A3956D46DE8}") = "Task3", "Task3", "{FF310AD4-57B9-4BEB-AE40-1146ECA162DA}"
EndProject
Project("{FAE04EC0-301F-11D3-BF4B-00C04F79EFBC}") = "Tyuiu.MuliavinIM.Sprint2.Task3.V7", "Tyuiu.MuliavinIM.Sprint2.Task3.V7\Tyuiu.MuliavinIM.Sprint2.Task3.V7.csproj", "{C89700DD-A95B-47A2-8D9C-B028AE5674BD}"
EndProject
Project("{FAE04EC0-301F-11D3-BF4B-00C04F79EFBC}") = "Tyuiu.MuliavinIM.Sprint2.Task3.V7.Test", "Tyuiu.MuliavinIM.Sprint2.Task3.V7.Test\Tyuiu.MuliavinIM.Sprint2.Task3.V7.Test.csproj", "{069AAD82-5FEE-48F4-B2E6-AD82C0402E01}"
EndProject
Project("{FAE04EC0-301F-11D3-BF4B-00C04F79EFBC}") = "Tyuiu.MuliavinIM.Sprint2.Task3.V7.Lib", "Tyuiu.MuliavinIM.Sprint2.Task3.V7.Lib\Tyuiu.MuliavinIM.Sprint2.Task3.V7.Lib.csproj", "{349FBC97-D076-40A8-8602-79CD56BBB322}"
EndProject
Project("{2150E333-8FDC-42A3-9474-1A3956D46DE8}") = "Task4", "Task4", "{EEA75E21-2176-42E5-A6C0-1D12273B3B80}"
EndProject
Project("{FAE04EC0-301F-11D3-BF4B-00C04F79EFBC}") = "Tyuiu.MuliavinIM.Sprint2.Task4.V6", "Tyuiu.MuliavinIM.Sprint2.Task4.V6\Tyuiu.MuliavinIM.Sprint2.Task4.V6.csproj", "{7722D1CA-61E9-47A2-9F98-9FCCA8F5A216}"
EndProject
Project("{FAE04EC0-301F-11D3-BF4B-00C04F79EFBC}") = "Tyuiu.MuliavinIM.Sprint2.Task4.V6.Lib", "Tyuiu.MuliavinIM.Sprint2.Task4.V6.Lib\Tyuiu.MuliavinIM.Sprint2.Task4.V6.Lib.csproj", "{DE4B77FD-203A-4148-A743-2E44796A89DA}"
EndProject
Project("{FAE04EC0-301F-11D3-BF4B-00C04F79EFBC}") = "Tyuiu.MuliavinIM.Sprint2.Task4.V6.Test", "Tyuiu.MuliavinIM.Sprint2.Task4.V6.Test\Tyuiu.MuliavinIM.Sprint2.Task4.V6.Test.csproj", "{1471C6C0-8875-44A1-A1DF-C436DC943D69}"
EndProject
Project("{2150E333-8FDC-42A3-9474-1A3956D46DE8}") = "Task5", "Task5", "{67F55A3B-6558-41C5-A223-B6DE54D2E334}"
EndProject
Project("{FAE04EC0-301F-11D3-BF4B-00C04F79EFBC}") = "Tyuiu.MuliavinIM.Sprint2.Task5.V11", "Tyuiu.MuliavinIM.Sprint2.Task5.V11\Tyuiu.MuliavinIM.Sprint2.Task5.V11.csproj", "{9981D0F0-6170-4D77-A37C-00485276D5DE}"
EndProject
Project("{FAE04EC0-301F-11D3-BF4B-00C04F79EFBC}") = "Tyuiu.MuliavinIM.Sprint2.Task5.V11.Test", "Tyuiu.MuliavinIM.Sprint2.Task5.V11.Test\Tyuiu.MuliavinIM.Sprint2.Task5.V11.Test.csproj", "{2461C9C7-DD84-49D2-8EEC-192675ED05A1}"
EndProject
Project("{FAE04EC0-301F-11D3-BF4B-00C04F79EFBC}") = "Tyuiu.MuliavinIM.Sprint2.Task5.V11.Lib", "Tyuiu.MuliavinIM.Sprint2.Task5.V11.Lib\Tyuiu.MuliavinIM.Sprint2.Task5.V11.Lib.csproj", "{304D8A96-F8A1-4FEE-8EDE-921AA704949D}"
EndProject
Project("{2150E333-8FDC-42A3-9474-1A3956D46DE8}") = "Task6", "Task6", "{7220FCD3-B106-4ECC-B899-E551EB696B0C}"
EndProject
Project("{FAE04EC0-301F-11D3-BF4B-00C04F79EFBC}") = "Tyuiu.MuliavinIM.Sprint2.Task6.V4", "Tyuiu.MuliavinIM.Sprint2.Task6.V4\Tyuiu.MuliavinIM.Sprint2.Task6.V4.csproj", "{D7BA4AFF-D8EC-4DA6-8CF3-C18BC6AF3597}"
EndProject
Project("{FAE04EC0-301F-11D3-BF4B-00C04F79EFBC}") = "Tyuiu.MuliavinIM.Sprint2.Task6.V4.Lib", "Tyuiu.MuliavinIM.Sprint2.Task6.V4.Lib\Tyuiu.MuliavinIM.Sprint2.Task6.V4.Lib.csproj", "{45B43796-4F1F-41EA-98A1-589B386E88F2}"
EndProject
Project("{FAE04EC0-301F-11D3-BF4B-00C04F79EFBC}") = "Tyuiu.MuliavinIM.Sprint2.Task6.V4.Test", "Tyuiu.MuliavinIM.Sprint2.Task6.V4.Test\Tyuiu.MuliavinIM.Sprint2.Task6.V4.Test.csproj", "{A10B2B3E-A334-4BAB-9B24-C7A2942D6F6E}"
EndProject
Project("{2150E333-8FDC-42A3-9474-1A3956D46DE8}") = "Task7", "Task7", "{FA61B4BB-96AC-4D8E-9E46-EF1E3D733805}"
EndProject
Project("{FAE04EC0-301F-11D3-BF4B-00C04F79EFBC}") = "Tyuiu.MuliavinIM.Sprint2.Task7.V5", "Tyuiu.MuliavinIM.Sprint2.Task7.V5\Tyuiu.MuliavinIM.Sprint2.Task7.V5.csproj", "{D312C43E-D70D-41C5-AB89-B1590543B649}"
EndProject
Project("{FAE04EC0-301F-11D3-BF4B-00C04F79EFBC}") = "Tyuiu.MuliavinIM.Sprint2.Task7.V5.Test", "Tyuiu.MuliavinIM.Sprint2.Task7.V5.Test\Tyuiu.MuliavinIM.Sprint2.Task7.V5.Test.csproj", "{027BDFCE-5D00-441F-8A1F-090E5C58E584}"
EndProject
Project("{FAE04EC0-301F-11D3-BF4B-00C04F79EFBC}") = "Tyuiu.MuliavinIM.Sprint2.Task7.V5.Lib", "Tyuiu.MuliavinIM.Sprint2.Task7.V5.Lib\Tyuiu.MuliavinIM.Sprint2.Task7.V5.Lib.csproj", "{27980BF7-DEB4-42F7-8244-07D28C64285A}"
EndProject
Global
	GlobalSection(SolutionConfigurationPlatforms) = preSolution
		Debug|Any CPU = Debug|Any CPU
		Release|Any CPU = Release|Any CPU
	EndGlobalSection
	GlobalSection(ProjectConfigurationPlatforms) = postSolution
		{C0D742EE-5EBA-47E8-B612-52A8428983D4}.Debug|Any CPU.ActiveCfg = Debug|Any CPU
		{C0D742EE-5EBA-47E8-B612-52A8428983D4}.Debug|Any CPU.Build.0 = Debug|Any CPU
		{C0D742EE-5EBA-47E8-B612-52A8428983D4}.Release|Any CPU.ActiveCfg = Release|Any CPU
		{C0D742EE-5EBA-47E8-B612-52A8428983D4}.Release|Any CPU.Build.0 = Release|Any CPU
		{EA1B2FCD-F95F-4468-B4F9-DDADACC347CB}.Debug|Any CPU.ActiveCfg = Debug|Any CPU
		{EA1B2FCD-F95F-4468-B4F9-DDADACC347CB}.Debug|Any CPU.Build.0 = Debug|Any CPU
		{EA1B2FCD-F95F-4468-B4F9-DDADACC347CB}.Release|Any CPU.ActiveCfg = Release|Any CPU
		{EA1B2FCD-F95F-4468-B4F9-DDADACC347CB}.Release|Any CPU.Build.0 = Release|Any CPU
		{8A5F4A51-0AD5-48F0-9830-1BF4991B97CB}.Debug|Any CPU.ActiveCfg = Debug|Any CPU
		{8A5F4A51-0AD5-48F0-9830-1BF4991B97CB}.Debug|Any CPU.Build.0 = Debug|Any CPU
		{8A5F4A51-0AD5-48F0-9830-1BF4991B97CB}.Release|Any CPU.ActiveCfg = Release|Any CPU
		{8A5F4A51-0AD5-48F0-9830-1BF4991B97CB}.Release|Any CPU.Build.0 = Release|Any CPU
		{67D8E145-4928-42EC-850D-3AA7B38F3B8D}.Debug|Any CPU.ActiveCfg = Debug|Any CPU
		{67D8E145-4928-42EC-850D-3AA7B38F3B8D}.Debug|Any CPU.Build.0 = Debug|Any CPU
		{67D8E145-4928-42EC-850D-3AA7B38F3B8D}.Release|Any CPU.ActiveCfg = Release|Any CPU
		{67D8E145-4928-42EC-850D-3AA7B38F3B8D}.Release|Any CPU.Build.0 = Release|Any CPU
		{29197139-0475-4D6B-A4CE-37F8304A53D1}.Debug|Any CPU.ActiveCfg = Debug|Any CPU
		{29197139-0475-4D6B-A4CE-37F8304A53D1}.Debug|Any CPU.Build.0 = Debug|Any CPU
		{29197139-0475-4D6B-A4CE-37F8304A53D1}.Release|Any CPU.ActiveCfg = Release|Any CPU
		{29197139-0475-4D6B-A4CE-37F8304A53D1}.Release|Any CPU.Build.0 = Release|Any CPU
		{8E12D425-2307-4D02-A3DC-D0C583E485E0}.Debug|Any CPU.ActiveCfg = Debug|Any CPU
		{8E12D425-2307-4D02-A3DC-D0C583E485E0}.Debug|Any CPU.Build.0 = Debug|Any CPU
		{8E12D425-2307-4D02-A3DC-D0C583E485E0}.Release|Any CPU.ActiveCfg = Release|Any CPU
		{8E12D425-2307-4D02-A3DC-D0C583E485E0}.Release|Any CPU.Build.0 = Release|Any CPU
		{EBD68E5A-A64B-4C8B-9FB6-491DE055D039}.Debug|Any CPU.ActiveCfg = Debug|Any CPU
		{EBD68E5A-A64B-4C8B-9FB6-491DE055D039}.Debug|Any CPU.Build.0 = Debug|Any CPU
		{EBD68E5A-A64B-4C8B-9FB6-491DE055D039}.Release|Any CPU.ActiveCfg = Release|Any CPU
		{EBD68E5A-A64B-4C8B-9FB6-491DE055D039}.Release|Any CPU.Build.0 = Release|Any CPU
		{779EFA10-4C94-431F-86BB-E7565BA97CCF}.Debug|Any CPU.ActiveCfg = Debug|Any CPU
		{779EFA10-4C94-431F-86BB-E7565BA97CCF}.Debug|Any CPU.Build.0 = Debug|Any CPU
		{779EFA10-4C94-431F-86BB-E7565BA97CCF}.Release|Any CPU.ActiveCfg = Release|Any CPU
		{779EFA10-4C94-431F-86BB-E7565BA97CCF}.Release|Any CPU.Build.0 = Release|Any CPU
		{CBA49EFC-0B97-4A7B-86C2-5E58D6B705F5}.Debug|Any CPU.ActiveCfg = Debug|Any CPU
		{CBA49EFC-0B97-4A7B-86C2-5E58D6B705F5}.Debug|Any CPU.Build.0 = Debug|Any CPU
		{CBA49EFC-0B97-4A7B-86C2-5E58D6B705F5}.Release|Any CPU.ActiveCfg = Release|Any CPU
		{CBA49EFC-0B97-4A7B-86C2-5E58D6B705F5}.Release|Any CPU.Build.0 = Release|Any CPU
		{C89700DD-A95B-47A2-8D9C-B028AE5674BD}.Debug|Any CPU.ActiveCfg = Debug|Any CPU
		{C89700DD-A95B-47A2-8D9C-B028AE5674BD}.Debug|Any CPU.Build.0 = Debug|Any CPU
		{C89700DD-A95B-47A2-8D9C-B028AE5674BD}.Release|Any CPU.ActiveCfg = Release|Any CPU
		{C89700DD-A95B-47A2-8D9C-B028AE5674BD}.Release|Any CPU.Build.0 = Release|Any CPU
		{069AAD82-5FEE-48F4-B2E6-AD82C0402E01}.Debug|Any CPU.ActiveCfg = Debug|Any CPU
		{069AAD82-5FEE-48F4-B2E6-AD82C0402E01}.Debug|Any CPU.Build.0 = Debug|Any CPU
		{069AAD82-5FEE-48F4-B2E6-AD82C0402E01}.Release|Any CPU.ActiveCfg = Release|Any CPU
		{069AAD82-5FEE-48F4-B2E6-AD82C0402E01}.Release|Any CPU.Build.0 = Release|Any CPU
		{349FBC97-D076-40A8-8602-79CD56BBB322}.Debug|Any CPU.ActiveCfg = Debug|Any CPU
		{349FBC97-D076-40A8-8602-79CD56BBB322}.Debug|Any CPU.Build.0 = Debug|Any CPU
		{349FBC97-D076-40A8-8602-79CD56BBB322}.Release|Any CPU.ActiveCfg = Release|Any CPU
		{349FBC97-D076-40A8-8602-79CD56BBB322}.Release|Any CPU.Build.0 = Release|Any CPU
		{7722D1CA-61E9-47A2-9F98-9FCCA8F5A216}.Debug|Any CPU.ActiveCfg = Debug|Any CPU
		{7722D1CA-61E9-47A2-9F98-9FCCA8F5A216}.Debug|Any CPU.Build.0 = Debug|Any CPU
		{7722D1CA-61E9-47A2-9F98-9FCCA8F5A216}.Release|Any CPU.ActiveCfg = Release|Any CPU
		{7722D1CA-61E9-47A2-9F98-9FCCA8F5A216}.Release|Any CPU.Build.0 = Release|Any CPU
		{DE4B77FD-203A-4148-A743-2E44796A89DA}.Debug|Any CPU.ActiveCfg = Debug|Any CPU
		{DE4B77FD-203A-4148-A743-2E44796A89DA}.Debug|Any CPU.Build.0 = Debug|Any CPU
		{DE4B77FD-203A-4148-A743-2E44796A89DA}.Release|Any CPU.ActiveCfg = Release|Any CPU
		{DE4B77FD-203A-4148-A743-2E44796A89DA}.Release|Any CPU.Build.0 = Release|Any CPU
		{1471C6C0-8875-44A1-A1DF-C436DC943D69}.Debug|Any CPU.ActiveCfg = Debug|Any CPU
		{1471C6C0-8875-44A1-A1DF-C436DC943D69}.Debug|Any CPU.Build.0 = Debug|Any CPU
		{1471C6C0-8875-44A1-A1DF-C436DC943D69}.Release|Any CPU.ActiveCfg = Release|Any CPU
		{1471C6C0-8875-44A1-A1DF-C436DC943D69}.Release|Any CPU.Build.0 = Release|Any CPU
		{9981D0F0-6170-4D77-A37C-00485276D5DE}.Debug|Any CPU.ActiveCfg = Debug|Any CPU
		{9981D0F0-6170-4D77-A37C-00485276D5DE}.Debug|Any CPU.Build.0 = Debug|Any CPU
		{9981D0F0-6170-4D77-A37C-00485276D5DE}.Release|Any CPU.ActiveCfg = Release|Any CPU
		{9981D0F0-6170-4D77-A37C-00485276D5DE}.Release|Any CPU.Build.0 = Release|Any CPU
		{2461C9C7-DD84-49D2-8EEC-192675ED05A1}.Debug|Any CPU.ActiveCfg = Debug|Any CPU
		{2461C9C7-DD84-49D2-8EEC-192675ED05A1}.Debug|Any CPU.Build.0 = Debug|Any CPU
		{2461C9C7-DD84-49D2-8EEC-192675ED05A1}.Release|Any CPU.ActiveCfg = Release|Any CPU
		{2461C9C7-DD84-49D2-8EEC-192675ED05A1}.Release|Any CPU.Build.0 = Release|Any CPU
		{304D8A96-F8A1-4FEE-8EDE-921AA704949D}.Debug|Any CPU.ActiveCfg = Debug|Any CPU
		{304D8A96-F8A1-4FEE-8EDE-921AA704949D}.Debug|Any CPU.Build.0 = Debug|Any CPU
		{304D8A96-F8A1-4FEE-8EDE-921AA704949D}.Release|Any CPU.ActiveCfg = Release|Any CPU
		{304D8A96-F8A1-4FEE-8EDE-921AA704949D}.Release|Any CPU.Build.0 = Release|Any CPU
		{D7BA4AFF-D8EC-4DA6-8CF3-C18BC6AF3597}.Debug|Any CPU.ActiveCfg = Debug|Any CPU
		{D7BA4AFF-D8EC-4DA6-8CF3-C18BC6AF3597}.Debug|Any CPU.Build.0 = Debug|Any CPU
		{D7BA4AFF-D8EC-4DA6-8CF3-C18BC6AF3597}.Release|Any CPU.ActiveCfg = Release|Any CPU
		{D7BA4AFF-D8EC-4DA6-8CF3-C18BC6AF3597}.Release|Any CPU.Build.0 = Release|Any CPU
		{45B43796-4F1F-41EA-98A1-589B386E88F2}.Debug|Any CPU.ActiveCfg = Debug|Any CPU
		{45B43796-4F1F-41EA-98A1-589B386E88F2}.Debug|Any CPU.Build.0 = Debug|Any CPU
		{45B43796-4F1F-41EA-98A1-589B386E88F2}.Release|Any CPU.ActiveCfg = Release|Any CPU
		{45B43796-4F1F-41EA-98A1-589B386E88F2}.Release|Any CPU.Build.0 = Release|Any CPU
		{A10B2B3E-A334-4BAB-9B24-C7A2942D6F6E}.Debug|Any CPU.ActiveCfg = Debug|Any CPU
		{A10B2B3E-A334-4BAB-9B24-C7A2942D6F6E}.Debug|Any CPU.Build.0 = Debug|Any CPU
		{A10B2B3E-A334-4BAB-9B24-C7A2942D6F6E}.Release|Any CPU.ActiveCfg = Release|Any CPU
		{A10B2B3E-A334-4BAB-9B24-C7A2942D6F6E}.Release|Any CPU.Build.0 = Release|Any CPU
		{D312C43E-D70D-41C5-AB89-B1590543B649}.Debug|Any CPU.ActiveCfg = Debug|Any CPU
		{D312C43E-D70D-41C5-AB89-B1590543B649}.Debug|Any CPU.Build.0 = Debug|Any CPU
		{D312C43E-D70D-41C5-AB89-B1590543B649}.Release|Any CPU.ActiveCfg = Release|Any CPU
		{D312C43E-D70D-41C5-AB89-B1590543B649}.Release|Any CPU.Build.0 = Release|Any CPU
		{027BDFCE-5D00-441F-8A1F-090E5C58E584}.Debug|Any CPU.ActiveCfg = Debug|Any CPU
		{027BDFCE-5D00-441F-8A1F-090E5C58E584}.Debug|Any CPU.Build.0 = Debug|Any CPU
		{027BDFCE-5D00-441F-8A1F-090E5C58E584}.Release|Any CPU.ActiveCfg = Release|Any CPU
		{027BDFCE-5D00-441F-8A1F-090E5C58E584}.Release|Any CPU.Build.0 = Release|Any CPU
		{27980BF7-DEB4-42F7-8244-07D28C64285A}.Debug|Any CPU.ActiveCfg = Debug|Any CPU
		{27980BF7-DEB4-42F7-8244-07D28C64285A}.Debug|Any CPU.Build.0 = Debug|Any CPU
		{27980BF7-DEB4-42F7-8244-07D28C64285A}.Release|Any CPU.ActiveCfg = Release|Any CPU
		{27980BF7-DEB4-42F7-8244-07D28C64285A}.Release|Any CPU.Build.0 = Release|Any CPU
	EndGlobalSection
	GlobalSection(SolutionProperties) = preSolution
		HideSolutionNode = FALSE
	EndGlobalSection
	GlobalSection(NestedProjects) = preSolution
		{C0D742EE-5EBA-47E8-B612-52A8428983D4} = {02EA681E-C7D8-13C7-8484-4AC65E1B71E8}
		{EA1B2FCD-F95F-4468-B4F9-DDADACC347CB} = {02EA681E-C7D8-13C7-8484-4AC65E1B71E8}
		{8A5F4A51-0AD5-48F0-9830-1BF4991B97CB} = {02EA681E-C7D8-13C7-8484-4AC65E1B71E8}
		{67D8E145-4928-42EC-850D-3AA7B38F3B8D} = {4096801B-1B83-432C-911D-AB8FC01543B3}
		{29197139-0475-4D6B-A4CE-37F8304A53D1} = {4096801B-1B83-432C-911D-AB8FC01543B3}
		{8E12D425-2307-4D02-A3DC-D0C583E485E0} = {4096801B-1B83-432C-911D-AB8FC01543B3}
		{EBD68E5A-A64B-4C8B-9FB6-491DE055D039} = {202F06CC-AA42-4347-BFE4-B712B2CB6C9C}
		{779EFA10-4C94-431F-86BB-E7565BA97CCF} = {202F06CC-AA42-4347-BFE4-B712B2CB6C9C}
		{CBA49EFC-0B97-4A7B-86C2-5E58D6B705F5} = {202F06CC-AA42-4347-BFE4-B712B2CB6C9C}
		{C89700DD-A95B-47A2-8D9C-B028AE5674BD} = {FF310AD4-57B9-4BEB-AE40-1146ECA162DA}
		{069AAD82-5FEE-48F4-B2E6-AD82C0402E01} = {FF310AD4-57B9-4BEB-AE40-1146ECA162DA}
		{349FBC97-D076-40A8-8602-79CD56BBB322} = {FF310AD4-57B9-4BEB-AE40-1146ECA162DA}
		{7722D1CA-61E9-47A2-9F98-9FCCA8F5A216} = {EEA75E21-2176-42E5-A6C0-1D12273B3B80}
		{DE4B77FD-203A-4148-A743-2E44796A89DA} = {EEA75E21-2176-42E5-A6C0-1D12273B3B80}
		{1471C6C0-8875-44A1-A1DF-C436DC943D69} = {EEA75E21-2176-42E5-A6C0-1D12273B3B80}
		{9981D0F0-6170-4D77-A37C-00485276D5DE} = {67F55A3B-6558-41C5-A223-B6DE54D2E334}
		{2461C9C7-DD84-49D2-8EEC-192675ED05A1} = {67F55A3B-6558-41C5-A223-B6DE54D2E334}
		{304D8A96-F8A1-4FEE-8EDE-921AA704949D} = {67F55A3B-6558-41C5-A223-B6DE54D2E334}
		{D7BA4AFF-D8EC-4DA6-8CF3-C18BC6AF3597} = {7220FCD3-B106-4ECC-B899-E551EB696B0C}
		{45B43796-4F1F-41EA-98A1-589B386E88F2} = {7220FCD3-B106-4ECC-B899-E551EB696B0C}
		{A10B2B3E-A334-4BAB-9B24-C7A2942D6F6E} = {7220FCD3-B106-4ECC-B899-E551EB696B0C}
		{D312C43E-D70D-41C5-AB89-B1590543B649} = {FA61B4BB-96AC-4D8E-9E46-EF1E3D733805}
		{027BDFCE-5D00-441F-8A1F-090E5C58E584} = {FA61B4BB-96AC-4D8E-9E46-EF1E3D733805}
		{27980BF7-DEB4-42F7-8244-07D28C64285A} = {FA61B4BB-96AC-4D8E-9E46-EF1E3D733805}
	EndGlobalSection
	GlobalSection(ExtensibilityGlobals) = postSolution
		SolutionGuid = {964438C2-F120-4992-A96A-E2FC597F49C1}
	EndGlobalSection
EndGlobal
